variant_calling/genome/all.snp_recalibrated.indel_recalibrated.vcf
variant_calling/genome/all.snp_recalibrated.vcf
variant_calling/genome/all.snp_recalibrated.indel.recal
variant_calling/genome/all.snp_recalibrated.indel.tranches
variant_calling/genome/all.snp_recalibrated.indel.plotting.R
variant_calling/genome/all.snp.recal
variant_calling/genome/all.snp.tranches
variant_calling/genome/all.snp.plotting.R
variant_calling/genome/all.vcf
variant_calling/genome/NIH075_normal.gvcf
variant_calling/genome/NIH075_normal.gvcf.idx
mapping/genome/units/NIH075_normal.sorted.realigned.recalibrated.bam
mapping/genome/units/NIH075_normal.sorted.realigned.recalibrated.bam.bai
mapping/genome/units/NIH075_normal.sorted.realigned.recalibrate.grp
mapping/genome/units/NIH075_normal.sorted.realigned.bam
mapping/genome/units/NIH075_normal.sorted.realigned.bam.bai
mapping/genome/units/NIH075_normal.sorted.bam
mapping/genome/units/NIH075_normal.sorted.realign.intervals
mapping/genome/units/NIH075_normal.sorted.bam.bai
